// !$*UTF8*$!
{
	archiveVersion = 1;
	classes = {
	};
	objectVersion = 50;
	objects = {

/* Begin PBXBuildFile section */
		4651151424FD080E005CC8AD /* AppOnboardingWithSwiftUIApp.swift in Sources */ = {isa = PBXBuildFile; fileRef = 4651150124FD080D005CC8AD /* AppOnboardingWithSwiftUIApp.swift */; };
		4651151524FD080E005CC8AD /* AppOnboardingWithSwiftUIApp.swift in Sources */ = {isa = PBXBuildFile; fileRef = 4651150124FD080D005CC8AD /* AppOnboardingWithSwiftUIApp.swift */; };
		4651151624FD080E005CC8AD /* ContentView.swift in Sources */ = {isa = PBXBuildFile; fileRef = 4651150224FD080D005CC8AD /* ContentView.swift */; };
		4651151724FD080E005CC8AD /* ContentView.swift in Sources */ = {isa = PBXBuildFile; fileRef = 4651150224FD080D005CC8AD /* ContentView.swift */; };
		4651151824FD080E005CC8AD /* Assets.xcassets in Resources */ = {isa = PBXBuildFile; fileRef = 4651150324FD080E005CC8AD /* Assets.xcassets */; };
		4651151924FD080E005CC8AD /* Assets.xcassets in Resources */ = {isa = PBXBuildFile; fileRef = 4651150324FD080E005CC8AD /* Assets.xcassets */; };
		4651152324FD0A87005CC8AD /* OnboardingView.swift in Sources */ = {isa = PBXBuildFile; fileRef = 4651152224FD0A87005CC8AD /* OnboardingView.swift */; };
		4651152424FD0A87005CC8AD /* OnboardingView.swift in Sources */ = {isa = PBXBuildFile; fileRef = 4651152224FD0A87005CC8AD /* OnboardingView.swift */; };
/* End PBXBuildFile section */

/* Begin PBXFileReference section */
		4651150124FD080D005CC8AD /* AppOnboardingWithSwiftUIApp.swift */ = {isa = PBXFileReference; lastKnownFileType = sourcecode.swift; path = AppOnboardingWithSwiftUIApp.swift; sourceTree = "<group>"; };
		4651150224FD080D005CC8AD /* ContentView.swift */ = {isa = PBXFileReference; lastKnownFileType = sourcecode.swift; path = ContentView.swift; sourceTree = "<group>"; };
		4651150324FD080E005CC8AD /* Assets.xcassets */ = {isa = PBXFileReference; lastKnownFileType = folder.assetcatalog; path = Assets.xcassets; sourceTree = "<group>"; };
		4651150824FD080E005CC8AD /* AppOnboardingWithSwiftUI.app */ = {isa = PBXFileReference; explicitFileType = wrapper.application; includeInIndex = 0; path = AppOnboardingWithSwiftUI.app; sourceTree = BUILT_PRODUCTS_DIR; };
		4651150B24FD080E005CC8AD /* Info.plist */ = {isa = PBXFileReference; lastKnownFileType = text.plist.xml; path = Info.plist; sourceTree = "<group>"; };
		4651151024FD080E005CC8AD /* AppOnboardingWithSwiftUI.app */ = {isa = PBXFileReference; explicitFileType = wrapper.application; includeInIndex = 0; path = AppOnboardingWithSwiftUI.app; sourceTree = BUILT_PRODUCTS_DIR; };
		4651151224FD080E005CC8AD /* Info.plist */ = {isa = PBXFileReference; lastKnownFileType = text.plist.xml; path = Info.plist; sourceTree = "<group>"; };
		4651151324FD080E005CC8AD /* macOS.entitlements */ = {isa = PBXFileReference; lastKnownFileType = text.plist.entitlements; path = macOS.entitlements; sourceTree = "<group>"; };
		4651152224FD0A87005CC8AD /* OnboardingView.swift */ = {isa = PBXFileReference; lastKnownFileType = sourcecode.swift; path = OnboardingView.swift; sourceTree = "<group>"; };
/* End PBXFileReference section */

/* Begin PBXFrameworksBuildPhase section */
		4651150524FD080E005CC8AD /* Frameworks */ = {
			isa = PBXFrameworksBuildPhase;
			buildActionMask = 2147483647;
			files = (
			);
			runOnlyForDeploymentPostprocessing = 0;
		};
		4651150D24FD080E005CC8AD /* Frameworks */ = {
			isa = PBXFrameworksBuildPhase;
			buildActionMask = 2147483647;
			files = (
			);
			runOnlyForDeploymentPostprocessing = 0;
		};
/* End PBXFrameworksBuildPhase section */

/* Begin PBXGroup section */
		465114FB24FD080C005CC8AD = {
			isa = PBXGroup;
			children = (
				4651150024FD080D005CC8AD /* Shared */,
				4651150A24FD080E005CC8AD /* iOS */,
				4651151124FD080E005CC8AD /* macOS */,
				4651150924FD080E005CC8AD /* Products */,
			);
			sourceTree = "<group>";
		};
		4651150024FD080D005CC8AD /* Shared */ = {
			isa = PBXGroup;
			children = (
				4651150124FD080D005CC8AD /* AppOnboardingWithSwiftUIApp.swift */,
				4651150224FD080D005CC8AD /* ContentView.swift */,
				4651150324FD080E005CC8AD /* Assets.xcassets */,
				4651152624FD0AB3005CC8AD /* Onboarding */,
			);
			path = Shared;
			sourceTree = "<group>";
		};
		4651150924FD080E005CC8AD /* Products */ = {
			isa = PBXGroup;
			children = (
				4651150824FD080E005CC8AD /* AppOnboardingWithSwiftUI.app */,
				4651151024FD080E005CC8AD /* AppOnboardingWithSwiftUI.app */,
			);
			name = Products;
			sourceTree = "<group>";
		};
		4651150A24FD080E005CC8AD /* iOS */ = {
			isa = PBXGroup;
			children = (
				4651150B24FD080E005CC8AD /* Info.plist */,
			);
			path = iOS;
			sourceTree = "<group>";
		};
		4651151124FD080E005CC8AD /* macOS */ = {
			isa = PBXGroup;
			children = (
				4651151224FD080E005CC8AD /* Info.plist */,
				4651151324FD080E005CC8AD /* macOS.entitlements */,
			);
			path = macOS;
			sourceTree = "<group>";
		};
		4651152624FD0AB3005CC8AD /* Onboarding */ = {
			isa = PBXGroup;
			children = (
				4651152224FD0A87005CC8AD /* OnboardingView.swift */,
			);
			path = Onboarding;
			sourceTree = "<group>";
		};
/* End PBXGroup section */

/* Begin PBXNativeTarget section */
		4651150724FD080E005CC8AD /* AppOnboardingWithSwiftUI (iOS) */ = {
			isa = PBXNativeTarget;
			buildConfigurationList = 4651151C24FD080E005CC8AD /* Build configuration list for PBXNativeTarget "AppOnboardingWithSwiftUI (iOS)" */;
			buildPhases = (
				4651150424FD080E005CC8AD /* Sources */,
				4651150524FD080E005CC8AD /* Frameworks */,
				4651150624FD080E005CC8AD /* Resources */,
			);
			buildRules = (
			);
			dependencies = (
			);
			name = "AppOnboardingWithSwiftUI (iOS)";
			productName = "AppOnboardingWithSwiftUI (iOS)";
			productReference = 4651150824FD080E005CC8AD /* AppOnboardingWithSwiftUI.app */;
			productType = "com.apple.product-type.application";
		};
		4651150F24FD080E005CC8AD /* AppOnboardingWithSwiftUI (macOS) */ = {
			isa = PBXNativeTarget;
			buildConfigurationList = 4651151F24FD080E005CC8AD /* Build configuration list for PBXNativeTarget "AppOnboardingWithSwiftUI (macOS)" */;
			buildPhases = (
				4651150C24FD080E005CC8AD /* Sources */,
				4651150D24FD080E005CC8AD /* Frameworks */,
				4651150E24FD080E005CC8AD /* Resources */,
			);
			buildRules = (
			);
			dependencies = (
			);
			name = "AppOnboardingWithSwiftUI (macOS)";
			productName = "AppOnboardingWithSwiftUI (macOS)";
			productReference = 4651151024FD080E005CC8AD /* AppOnboardingWithSwiftUI.app */;
			productType = "com.apple.product-type.application";
		};
/* End PBXNativeTarget section */

/* Begin PBXProject section */
		465114FC24FD080C005CC8AD /* Project object */ = {
			isa = PBXProject;
			attributes = {
				LastSwiftUpdateCheck = 1200;
				LastUpgradeCheck = 1200;
				TargetAttributes = {
					4651150724FD080E005CC8AD = {
						CreatedOnToolsVersion = 12.0;
					};
					4651150F24FD080E005CC8AD = {
						CreatedOnToolsVersion = 12.0;
					};
				};
			};
			buildConfigurationList = 465114FF24FD080C005CC8AD /* Build configuration list for PBXProject "AppOnboardingWithSwiftUI" */;
			compatibilityVersion = "Xcode 9.3";
			developmentRegion = en;
			hasScannedForEncodings = 0;
			knownRegions = (
				en,
				Base,
			);
			mainGroup = 465114FB24FD080C005CC8AD;
			productRefGroup = 4651150924FD080E005CC8AD /* Products */;
			projectDirPath = "";
			projectRoot = "";
			targets = (
				4651150724FD080E005CC8AD /* AppOnboardingWithSwiftUI (iOS) */,
				4651150F24FD080E005CC8AD /* AppOnboardingWithSwiftUI (macOS) */,
			);
		};
/* End PBXProject section */

/* Begin PBXResourcesBuildPhase section */
		4651150624FD080E005CC8AD /* Resources */ = {
			isa = PBXResourcesBuildPhase;
			buildActionMask = 2147483647;
			files = (
				4651151824FD080E005CC8AD /* Assets.xcassets in Resources */,
			);
			runOnlyForDeploymentPostprocessing = 0;
		};
		4651150E24FD080E005CC8AD /* Resources */ = {
			isa = PBXResourcesBuildPhase;
			buildActionMask = 2147483647;
			files = (
				4651151924FD080E005CC8AD /* Assets.xcassets in Resources */,
			);
			runOnlyForDeploymentPostprocessing = 0;
		};
/* End PBXResourcesBuildPhase section */

/* Begin PBXSourcesBuildPhase section */
		4651150424FD080E005CC8AD /* Sources */ = {
			isa = PBXSourcesBuildPhase;
			buildActionMask = 2147483647;
			files = (
				4651152324FD0A87005CC8AD /* OnboardingView.swift in Sources */,
				4651151624FD080E005CC8AD /* ContentView.swift in Sources */,
				4651151424FD080E005CC8AD /* AppOnboardingWithSwiftUIApp.swift in Sources */,
			);
			runOnlyForDeploymentPostprocessing = 0;
		};
		4651150C24FD080E005CC8AD /* Sources */ = {
			isa = PBXSourcesBuildPhase;
			buildActionMask = 2147483647;
			files = (
				4651152424FD0A87005CC8AD /* OnboardingView.swift in Sources */,
				4651151724FD080E005CC8AD /* ContentView.swift in Sources */,
				4651151524FD080E005CC8AD /* AppOnboardingWithSwiftUIApp.swift in Sources */,
			);
			runOnlyForDeploymentPostprocessing = 0;
		};
/* End PBXSourcesBuildPhase section */

/* Begin XCBuildConfiguration section */
		4651151A24FD080E005CC8AD /* Debug */ = {
			isa = XCBuildConfiguration;
			buildSettings = {
				ALWAYS_SEARCH_USER_PATHS = NO;
				CLANG_ANALYZER_NONNULL = YES;
				CLANG_ANALYZER_NUMBER_OBJECT_CONVERSION = YES_AGGRESSIVE;
				CLANG_CXX_LANGUAGE_STANDARD = "gnu++14";
				CLANG_CXX_LIBRARY = "libc++";
				CLANG_ENABLE_MODULES = YES;
				CLANG_ENABLE_OBJC_ARC = YES;
				CLANG_ENABLE_OBJC_WEAK = YES;
				CLANG_WARN_BLOCK_CAPTURE_AUTORELEASING = YES;
				CLANG_WARN_BOOL_CONVERSION = YES;
				CLANG_WARN_COMMA = YES;
				CLANG_WARN_CONSTANT_CONVERSION = YES;
				CLANG_WARN_DEPRECATED_OBJC_IMPLEMENTATIONS = YES;
				CLANG_WARN_DIRECT_OBJC_ISA_USAGE = YES_ERROR;
				CLANG_WARN_DOCUMENTATION_COMMENTS = YES;
				CLANG_WARN_EMPTY_BODY = YES;
				CLANG_WARN_ENUM_CONVERSION = YES;
				CLANG_WARN_INFINITE_RECURSION = YES;
				CLANG_WARN_INT_CONVERSION = YES;
				CLANG_WARN_NON_LITERAL_NULL_CONVERSION = YES;
				CLANG_WARN_OBJC_IMPLICIT_RETAIN_SELF = YES;
				CLANG_WARN_OBJC_LITERAL_CONVERSION = YES;
				CLANG_WARN_OBJC_ROOT_CLASS = YES_ERROR;
				CLANG_WARN_QUOTED_INCLUDE_IN_FRAMEWORK_HEADER = YES;
				CLANG_WARN_RANGE_LOOP_ANALYSIS = YES;
				CLANG_WARN_STRICT_PROTOTYPES = YES;
				CLANG_WARN_SUSPICIOUS_MOVE = YES;
				CLANG_WARN_UNGUARDED_AVAILABILITY = YES_AGGRESSIVE;
				CLANG_WARN_UNREACHABLE_CODE = YES;
				CLANG_WARN__DUPLICATE_METHOD_MATCH = YES;
				COPY_PHASE_STRIP = NO;
				DEBUG_INFORMATION_FORMAT = dwarf;
				ENABLE_STRICT_OBJC_MSGSEND = YES;
				ENABLE_TESTABILITY = YES;
				GCC_C_LANGUAGE_STANDARD = gnu11;
				GCC_DYNAMIC_NO_PIC = NO;
				GCC_NO_COMMON_BLOCKS = YES;
				GCC_OPTIMIZATION_LEVEL = 0;
				GCC_PREPROCESSOR_DEFINITIONS = (
					"DEBUG=1",
					"$(inherited)",
				);
				GCC_WARN_64_TO_32_BIT_CONVERSION = YES;
				GCC_WARN_ABOUT_RETURN_TYPE = YES_ERROR;
				GCC_WARN_UNDECLARED_SELECTOR = YES;
				GCC_WARN_UNINITIALIZED_AUTOS = YES_AGGRESSIVE;
				GCC_WARN_UNUSED_FUNCTION = YES;
				GCC_WARN_UNUSED_VARIABLE = YES;
				MTL_ENABLE_DEBUG_INFO = INCLUDE_SOURCE;
				MTL_FAST_MATH = YES;
				ONLY_ACTIVE_ARCH = YES;
				SWIFT_ACTIVE_COMPILATION_CONDITIONS = DEBUG;
				SWIFT_OPTIMIZATION_LEVEL = "-Onone";
			};
			name = Debug;
		};
		4651151B24FD080E005CC8AD /* Release */ = {
			isa = XCBuildConfiguration;
			buildSettings = {
				ALWAYS_SEARCH_USER_PATHS = NO;
				CLANG_ANALYZER_NONNULL = YES;
				CLANG_ANALYZER_NUMBER_OBJECT_CONVERSION = YES_AGGRESSIVE;
				CLANG_CXX_LANGUAGE_STANDARD = "gnu++14";
				CLANG_CXX_LIBRARY = "libc++";
				CLANG_ENABLE_MODULES = YES;
				CLANG_ENABLE_OBJC_ARC = YES;
				CLANG_ENABLE_OBJC_WEAK = YES;
				CLANG_WARN_BLOCK_CAPTURE_AUTORELEASING = YES;
				CLANG_WARN_BOOL_CONVERSION = YES;
				CLANG_WARN_COMMA = YES;
				CLANG_WARN_CONSTANT_CONVERSION = YES;
				CLANG_WARN_DEPRECATED_OBJC_IMPLEMENTATIONS = YES;
				CLANG_WARN_DIRECT_OBJC_ISA_USAGE = YES_ERROR;
				CLANG_WARN_DOCUMENTATION_COMMENTS = YES;
				CLANG_WARN_EMPTY_BODY = YES;
				CLANG_WARN_ENUM_CONVERSION = YES;
				CLANG_WARN_INFINITE_RECURSION = YES;
				CLANG_WARN_INT_CONVERSION = YES;
				CLANG_WARN_NON_LITERAL_NULL_CONVERSION = YES;
				CLANG_WARN_OBJC_IMPLICIT_RETAIN_SELF = YES;
				CLANG_WARN_OBJC_LITERAL_CONVERSION = YES;
				CLANG_WARN_OBJC_ROOT_CLASS = YES_ERROR;
				CLANG_WARN_QUOTED_INCLUDE_IN_FRAMEWORK_HEADER = YES;
				CLANG_WARN_RANGE_LOOP_ANALYSIS = YES;
				CLANG_WARN_STRICT_PROTOTYPES = YES;
				CLANG_WARN_SUSPICIOUS_MOVE = YES;
				CLANG_WARN_UNGUARDED_AVAILABILITY = YES_AGGRESSIVE;
				CLANG_WARN_UNREACHABLE_CODE = YES;
				CLANG_WARN__DUPLICATE_METHOD_MATCH = YES;
				COPY_PHASE_STRIP = NO;
				DEBUG_INFORMATION_FORMAT = "dwarf-with-dsym";
				ENABLE_NS_ASSERTIONS = NO;
				ENABLE_STRICT_OBJC_MSGSEND = YES;
				GCC_C_LANGUAGE_STANDARD = gnu11;
				GCC_NO_COMMON_BLOCKS = YES;
				GCC_WARN_64_TO_32_BIT_CONVERSION = YES;
				GCC_WARN_ABOUT_RETURN_TYPE = YES_ERROR;
				GCC_WARN_UNDECLARED_SELECTOR = YES;
				GCC_WARN_UNINITIALIZED_AUTOS = YES_AGGRESSIVE;
				GCC_WARN_UNUSED_FUNCTION = YES;
				GCC_WARN_UNUSED_VARIABLE = YES;
				MTL_ENABLE_DEBUG_INFO = NO;
				MTL_FAST_MATH = YES;
				SWIFT_COMPILATION_MODE = wholemodule;
				SWIFT_OPTIMIZATION_LEVEL = "-O";
			};
			name = Release;
		};
		4651151D24FD080E005CC8AD /* Debug */ = {
			isa = XCBuildConfiguration;
			buildSettings = {
				ASSETCATALOG_COMPILER_APPICON_NAME = AppIcon;
				ASSETCATALOG_COMPILER_GLOBAL_ACCENT_COLOR_NAME = AccentColor;
				CODE_SIGN_STYLE = Automatic;
				DEVELOPMENT_TEAM = 49CJ89TL4W;
				ENABLE_PREVIEWS = YES;
				INFOPLIST_FILE = iOS/Info.plist;
				IPHONEOS_DEPLOYMENT_TARGET = 14.0;
				LD_RUNPATH_SEARCH_PATHS = (
					"$(inherited)",
					"@executable_path/Frameworks",
				);
				PRODUCT_BUNDLE_IDENTIFIER = com.petesmith.AppOnboardingWithSwiftUI;
				PRODUCT_NAME = AppOnboardingWithSwiftUI;
				SDKROOT = iphoneos;
				SWIFT_VERSION = 5.0;
				TARGETED_DEVICE_FAMILY = "1,2";
			};
			name = Debug;
		};
		4651151E24FD080E005CC8AD /* Release */ = {
			isa = XCBuildConfiguration;
			buildSettings = {
				ASSETCATALOG_COMPILER_APPICON_NAME = AppIcon;
				ASSETCATALOG_COMPILER_GLOBAL_ACCENT_COLOR_NAME = AccentColor;
				CODE_SIGN_STYLE = Automatic;
				DEVELOPMENT_TEAM = 49CJ89TL4W;
				ENABLE_PREVIEWS = YES;
				INFOPLIST_FILE = iOS/Info.plist;
				IPHONEOS_DEPLOYMENT_TARGET = 14.0;
				LD_RUNPATH_SEARCH_PATHS = (
					"$(inherited)",
					"@executable_path/Frameworks",
				);
				PRODUCT_BUNDLE_IDENTIFIER = com.petesmith.AppOnboardingWithSwiftUI;
				PRODUCT_NAME = AppOnboardingWithSwiftUI;
				SDKROOT = iphoneos;
				SWIFT_VERSION = 5.0;
				TARGETED_DEVICE_FAMILY = "1,2";
				VALIDATE_PRODUCT = YES;
			};
			name = Release;
		};
		4651152024FD080E005CC8AD /* Debug */ = {
			isa = XCBuildConfiguration;
			buildSettings = {
				ASSETCATALOG_COMPILER_APPICON_NAME = AppIcon;
				ASSETCATALOG_COMPILER_GLOBAL_ACCENT_COLOR_NAME = AccentColor;
				CODE_SIGN_ENTITLEMENTS = macOS/macOS.entitlements;
				CODE_SIGN_STYLE = Automatic;
				COMBINE_HIDPI_IMAGES = YES;
				DEVELOPMENT_TEAM = 49CJ89TL4W;
				ENABLE_HARDENED_RUNTIME = YES;
				ENABLE_PREVIEWS = YES;
				INFOPLIST_FILE = macOS/Info.plist;
				LD_RUNPATH_SEARCH_PATHS = (
					"$(inherited)",
					"@executable_path/../Frameworks",
				);
				MACOSX_DEPLOYMENT_TARGET = 11.0;
				PRODUCT_BUNDLE_IDENTIFIER = com.petesmith.AppOnboardingWithSwiftUI;
				PRODUCT_NAME = AppOnboardingWithSwiftUI;
				SDKROOT = macosx;
				SWIFT_VERSION = 5.0;
			};
			name = Debug;
		};
		4651152124FD080E005CC8AD /* Release */ = {
			isa = XCBuildConfiguration;
			buildSettings = {
				ASSETCATALOG_COMPILER_APPICON_NAME = AppIcon;
				ASSETCATALOG_COMPILER_GLOBAL_ACCENT_COLOR_NAME = AccentColor;
				CODE_SIGN_ENTITLEMENTS = macOS/macOS.entitlements;
				CODE_SIGN_STYLE = Automatic;
				COMBINE_HIDPI_IMAGES = YES;
				DEVELOPMENT_TEAM = 49CJ89TL4W;
				ENABLE_HARDENED_RUNTIME = YES;
				ENABLE_PREVIEWS = YES;
				INFOPLIST_FILE = macOS/Info.plist;
				LD_RUNPATH_SEARCH_PATHS = (
					"$(inherited)",
					"@executable_path/../Frameworks",
				);
				MACOSX_DEPLOYMENT_TARGET = 11.0;
				PRODUCT_BUNDLE_IDENTIFIER = com.petesmith.AppOnboardingWithSwiftUI;
				PRODUCT_NAME = AppOnboardingWithSwiftUI;
				SDKROOT = macosx;
				SWIFT_VERSION = 5.0;
			};
			name = Release;
		};
/* End XCBuildConfiguration section */

/* Begin XCConfigurationList section */
		465114FF24FD080C005CC8AD /* Build configuration list for PBXProject "AppOnboardingWithSwiftUI" */ = {
			isa = XCConfigurationList;
			buildConfigurations = (
				4651151A24FD080E005CC8AD /* Debug */,
				4651151B24FD080E005CC8AD /* Release */,
			);
			defaultConfigurationIsVisible = 0;
			defaultConfigurationName = Release;
		};
		4651151C24FD080E005CC8AD /* Build configuration list for PBXNativeTarget "AppOnboardingWithSwiftUI (iOS)" */ = {
			isa = XCConfigurationList;
			buildConfigurations = (
				4651151D24FD080E005CC8AD /* Debug */,
				4651151E24FD080E005CC8AD /* Release */,
			);
			defaultConfigurationIsVisible = 0;
			defaultConfigurationName = Release;
		};
		4651151F24FD080E005CC8AD /* Build configuration list for PBXNativeTarget "AppOnboardingWithSwiftUI (macOS)" */ = {
			isa = XCConfigurationList;
			buildConfigurations = (
				4651152024FD080E005CC8AD /* Debug */,
				4651152124FD080E005CC8AD /* Release */,
			);
			defaultConfigurationIsVisible = 0;
			defaultConfigurationName = Release;
		};
/* End XCConfigurationList section */
	};
	rootObject = 465114FC24FD080C005CC8AD /* Project object */;
}
