// !$*UTF8*$!
{
	archiveVersion = 1;
	classes = {
	};
	objectVersion = 50;
	objects = {

/* Begin PBXBuildFile section */
		4697A3ED26739894005FD5DD /* BaseTestCase.swift in Sources */ = {isa = PBXBuildFile; fileRef = 4697A3EC26739894005FD5DD /* BaseTestCase.swift */; };
		4697A4042673996A005FD5DD /* ShowBugTestCase.swift in Sources */ = {isa = PBXBuildFile; fileRef = 4697A4032673996A005FD5DD /* ShowBugTestCase.swift */; };
		4697A40626739A4C005FD5DD /* ShowBugPage.swift in Sources */ = {isa = PBXBuildFile; fileRef = 4697A40526739A4C005FD5DD /* ShowBugPage.swift */; };
		46F7CD27266FB3A70008B9EC /* BugHuntApp.swift in Sources */ = {isa = PBXBuildFile; fileRef = 46F7CD26266FB3A70008B9EC /* BugHuntApp.swift */; };
		46F7CD29266FB3A70008B9EC /* ContentView.swift in Sources */ = {isa = PBXBuildFile; fileRef = 46F7CD28266FB3A70008B9EC /* ContentView.swift */; };
		46F7CD2B266FB3A80008B9EC /* Assets.xcassets in Resources */ = {isa = PBXBuildFile; fileRef = 46F7CD2A266FB3A80008B9EC /* Assets.xcassets */; };
		46F7CD2E266FB3A80008B9EC /* Preview Assets.xcassets in Resources */ = {isa = PBXBuildFile; fileRef = 46F7CD2D266FB3A80008B9EC /* Preview Assets.xcassets */; };
		46F7CD52266FB6C40008B9EC /* ShowBugRobot.swift in Sources */ = {isa = PBXBuildFile; fileRef = 46F7CD51266FB6C30008B9EC /* ShowBugRobot.swift */; };
/* End PBXBuildFile section */

/* Begin PBXContainerItemProxy section */
		46F7CD40266FB3A80008B9EC /* PBXContainerItemProxy */ = {
			isa = PBXContainerItemProxy;
			containerPortal = 46F7CD1B266FB3A70008B9EC /* Project object */;
			proxyType = 1;
			remoteGlobalIDString = 46F7CD22266FB3A70008B9EC;
			remoteInfo = BugHunt;
		};
/* End PBXContainerItemProxy section */

/* Begin PBXFileReference section */
		4697A3EC26739894005FD5DD /* BaseTestCase.swift */ = {isa = PBXFileReference; lastKnownFileType = sourcecode.swift; path = BaseTestCase.swift; sourceTree = "<group>"; };
		4697A4032673996A005FD5DD /* ShowBugTestCase.swift */ = {isa = PBXFileReference; lastKnownFileType = sourcecode.swift; path = ShowBugTestCase.swift; sourceTree = "<group>"; };
		4697A40526739A4C005FD5DD /* ShowBugPage.swift */ = {isa = PBXFileReference; lastKnownFileType = sourcecode.swift; path = ShowBugPage.swift; sourceTree = "<group>"; };
		46F7CD23266FB3A70008B9EC /* BugHunt.app */ = {isa = PBXFileReference; explicitFileType = wrapper.application; includeInIndex = 0; path = BugHunt.app; sourceTree = BUILT_PRODUCTS_DIR; };
		46F7CD26266FB3A70008B9EC /* BugHuntApp.swift */ = {isa = PBXFileReference; lastKnownFileType = sourcecode.swift; path = BugHuntApp.swift; sourceTree = "<group>"; };
		46F7CD28266FB3A70008B9EC /* ContentView.swift */ = {isa = PBXFileReference; lastKnownFileType = sourcecode.swift; path = ContentView.swift; sourceTree = "<group>"; };
		46F7CD2A266FB3A80008B9EC /* Assets.xcassets */ = {isa = PBXFileReference; lastKnownFileType = folder.assetcatalog; path = Assets.xcassets; sourceTree = "<group>"; };
		46F7CD2D266FB3A80008B9EC /* Preview Assets.xcassets */ = {isa = PBXFileReference; lastKnownFileType = folder.assetcatalog; path = "Preview Assets.xcassets"; sourceTree = "<group>"; };
		46F7CD2F266FB3A80008B9EC /* Info.plist */ = {isa = PBXFileReference; lastKnownFileType = text.plist.xml; path = Info.plist; sourceTree = "<group>"; };
		46F7CD3F266FB3A80008B9EC /* BugHuntUITests.xctest */ = {isa = PBXFileReference; explicitFileType = wrapper.cfbundle; includeInIndex = 0; path = BugHuntUITests.xctest; sourceTree = BUILT_PRODUCTS_DIR; };
		46F7CD45266FB3A80008B9EC /* Info.plist */ = {isa = PBXFileReference; lastKnownFileType = text.plist.xml; path = Info.plist; sourceTree = "<group>"; };
		46F7CD51266FB6C30008B9EC /* ShowBugRobot.swift */ = {isa = PBXFileReference; lastKnownFileType = sourcecode.swift; path = ShowBugRobot.swift; sourceTree = "<group>"; };
/* End PBXFileReference section */

/* Begin PBXFrameworksBuildPhase section */
		46F7CD20266FB3A70008B9EC /* Frameworks */ = {
			isa = PBXFrameworksBuildPhase;
			buildActionMask = 2147483647;
			files = (
			);
			runOnlyForDeploymentPostprocessing = 0;
		};
		46F7CD3C266FB3A80008B9EC /* Frameworks */ = {
			isa = PBXFrameworksBuildPhase;
			buildActionMask = 2147483647;
			files = (
			);
			runOnlyForDeploymentPostprocessing = 0;
		};
/* End PBXFrameworksBuildPhase section */

/* Begin PBXGroup section */
		4697A40226739928005FD5DD /* ShowBug */ = {
			isa = PBXGroup;
			children = (
				46F7CD51266FB6C30008B9EC /* ShowBugRobot.swift */,
				4697A40526739A4C005FD5DD /* ShowBugPage.swift */,
				4697A4032673996A005FD5DD /* ShowBugTestCase.swift */,
			);
			path = ShowBug;
			sourceTree = "<group>";
		};
		46F7CD1A266FB3A70008B9EC = {
			isa = PBXGroup;
			children = (
				46F7CD25266FB3A70008B9EC /* BugHunt */,
				46F7CD42266FB3A80008B9EC /* BugHuntUITests */,
				46F7CD24266FB3A70008B9EC /* Products */,
			);
			sourceTree = "<group>";
		};
		46F7CD24266FB3A70008B9EC /* Products */ = {
			isa = PBXGroup;
			children = (
				46F7CD23266FB3A70008B9EC /* BugHunt.app */,
				46F7CD3F266FB3A80008B9EC /* BugHuntUITests.xctest */,
			);
			name = Products;
			sourceTree = "<group>";
		};
		46F7CD25266FB3A70008B9EC /* BugHunt */ = {
			isa = PBXGroup;
			children = (
				46F7CD26266FB3A70008B9EC /* BugHuntApp.swift */,
				46F7CD28266FB3A70008B9EC /* ContentView.swift */,
				46F7CD2A266FB3A80008B9EC /* Assets.xcassets */,
				46F7CD2F266FB3A80008B9EC /* Info.plist */,
				46F7CD2C266FB3A80008B9EC /* Preview Content */,
			);
			path = BugHunt;
			sourceTree = "<group>";
		};
		46F7CD2C266FB3A80008B9EC /* Preview Content */ = {
			isa = PBXGroup;
			children = (
				46F7CD2D266FB3A80008B9EC /* Preview Assets.xcassets */,
			);
			path = "Preview Content";
			sourceTree = "<group>";
		};
		46F7CD42266FB3A80008B9EC /* BugHuntUITests */ = {
			isa = PBXGroup;
			children = (
				4697A40226739928005FD5DD /* ShowBug */,
				46F7CD45266FB3A80008B9EC /* Info.plist */,
				4697A3EC26739894005FD5DD /* BaseTestCase.swift */,
			);
			path = BugHuntUITests;
			sourceTree = "<group>";
		};
/* End PBXGroup section */

/* Begin PBXNativeTarget section */
		46F7CD22266FB3A70008B9EC /* BugHunt */ = {
			isa = PBXNativeTarget;
			buildConfigurationList = 46F7CD48266FB3A80008B9EC /* Build configuration list for PBXNativeTarget "BugHunt" */;
			buildPhases = (
				46F7CD1F266FB3A70008B9EC /* Sources */,
				46F7CD20266FB3A70008B9EC /* Frameworks */,
				46F7CD21266FB3A70008B9EC /* Resources */,
			);
			buildRules = (
			);
			dependencies = (
			);
			name = BugHunt;
			productName = BugHunt;
			productReference = 46F7CD23266FB3A70008B9EC /* BugHunt.app */;
			productType = "com.apple.product-type.application";
		};
		46F7CD3E266FB3A80008B9EC /* BugHuntUITests */ = {
			isa = PBXNativeTarget;
			buildConfigurationList = 46F7CD4E266FB3A80008B9EC /* Build configuration list for PBXNativeTarget "BugHuntUITests" */;
			buildPhases = (
				46F7CD3B266FB3A80008B9EC /* Sources */,
				46F7CD3C266FB3A80008B9EC /* Frameworks */,
				46F7CD3D266FB3A80008B9EC /* Resources */,
			);
			buildRules = (
			);
			dependencies = (
				46F7CD41266FB3A80008B9EC /* PBXTargetDependency */,
			);
			name = BugHuntUITests;
			productName = BugHuntUITests;
			productReference = 46F7CD3F266FB3A80008B9EC /* BugHuntUITests.xctest */;
			productType = "com.apple.product-type.bundle.ui-testing";
		};
/* End PBXNativeTarget section */

/* Begin PBXProject section */
		46F7CD1B266FB3A70008B9EC /* Project object */ = {
			isa = PBXProject;
			attributes = {
				LastSwiftUpdateCheck = 1250;
				LastUpgradeCheck = 1250;
				TargetAttributes = {
					46F7CD22266FB3A70008B9EC = {
						CreatedOnToolsVersion = 12.5;
					};
					46F7CD3E266FB3A80008B9EC = {
						CreatedOnToolsVersion = 12.5;
						TestTargetID = 46F7CD22266FB3A70008B9EC;
					};
				};
			};
			buildConfigurationList = 46F7CD1E266FB3A70008B9EC /* Build configuration list for PBXProject "BugHunt" */;
			compatibilityVersion = "Xcode 9.3";
			developmentRegion = en;
			hasScannedForEncodings = 0;
			knownRegions = (
				en,
				Base,
			);
			mainGroup = 46F7CD1A266FB3A70008B9EC;
			productRefGroup = 46F7CD24266FB3A70008B9EC /* Products */;
			projectDirPath = "";
			projectRoot = "";
			targets = (
				46F7CD22266FB3A70008B9EC /* BugHunt */,
				46F7CD3E266FB3A80008B9EC /* BugHuntUITests */,
			);
		};
/* End PBXProject section */

/* Begin PBXResourcesBuildPhase section */
		46F7CD21266FB3A70008B9EC /* Resources */ = {
			isa = PBXResourcesBuildPhase;
			buildActionMask = 2147483647;
			files = (
				46F7CD2E266FB3A80008B9EC /* Preview Assets.xcassets in Resources */,
				46F7CD2B266FB3A80008B9EC /* Assets.xcassets in Resources */,
			);
			runOnlyForDeploymentPostprocessing = 0;
		};
		46F7CD3D266FB3A80008B9EC /* Resources */ = {
			isa = PBXResourcesBuildPhase;
			buildActionMask = 2147483647;
			files = (
			);
			runOnlyForDeploymentPostprocessing = 0;
		};
/* End PBXResourcesBuildPhase section */

/* Begin PBXSourcesBuildPhase section */
		46F7CD1F266FB3A70008B9EC /* Sources */ = {
			isa = PBXSourcesBuildPhase;
			buildActionMask = 2147483647;
			files = (
				46F7CD29266FB3A70008B9EC /* ContentView.swift in Sources */,
				46F7CD27266FB3A70008B9EC /* BugHuntApp.swift in Sources */,
			);
			runOnlyForDeploymentPostprocessing = 0;
		};
		46F7CD3B266FB3A80008B9EC /* Sources */ = {
			isa = PBXSourcesBuildPhase;
			buildActionMask = 2147483647;
			files = (
				4697A40626739A4C005FD5DD /* ShowBugPage.swift in Sources */,
				46F7CD52266FB6C40008B9EC /* ShowBugRobot.swift in Sources */,
				4697A4042673996A005FD5DD /* ShowBugTestCase.swift in Sources */,
				4697A3ED26739894005FD5DD /* BaseTestCase.swift in Sources */,
			);
			runOnlyForDeploymentPostprocessing = 0;
		};
/* End PBXSourcesBuildPhase section */

/* Begin PBXTargetDependency section */
		46F7CD41266FB3A80008B9EC /* PBXTargetDependency */ = {
			isa = PBXTargetDependency;
			target = 46F7CD22266FB3A70008B9EC /* BugHunt */;
			targetProxy = 46F7CD40266FB3A80008B9EC /* PBXContainerItemProxy */;
		};
/* End PBXTargetDependency section */

/* Begin XCBuildConfiguration section */
		46F7CD46266FB3A80008B9EC /* Debug */ = {
			isa = XCBuildConfiguration;
			buildSettings = {
				ALWAYS_SEARCH_USER_PATHS = NO;
				CLANG_ANALYZER_NONNULL = YES;
				CLANG_ANALYZER_NUMBER_OBJECT_CONVERSION = YES_AGGRESSIVE;
				CLANG_CXX_LANGUAGE_STANDARD = "gnu++14";
				CLANG_CXX_LIBRARY = "libc++";
				CLANG_ENABLE_MODULES = YES;
				CLANG_ENABLE_OBJC_ARC = YES;
				CLANG_ENABLE_OBJC_WEAK = YES;
				CLANG_WARN_BLOCK_CAPTURE_AUTORELEASING = YES;
				CLANG_WARN_BOOL_CONVERSION = YES;
				CLANG_WARN_COMMA = YES;
				CLANG_WARN_CONSTANT_CONVERSION = YES;
				CLANG_WARN_DEPRECATED_OBJC_IMPLEMENTATIONS = YES;
				CLANG_WARN_DIRECT_OBJC_ISA_USAGE = YES_ERROR;
				CLANG_WARN_DOCUMENTATION_COMMENTS = YES;
				CLANG_WARN_EMPTY_BODY = YES;
				CLANG_WARN_ENUM_CONVERSION = YES;
				CLANG_WARN_INFINITE_RECURSION = YES;
				CLANG_WARN_INT_CONVERSION = YES;
				CLANG_WARN_NON_LITERAL_NULL_CONVERSION = YES;
				CLANG_WARN_OBJC_IMPLICIT_RETAIN_SELF = YES;
				CLANG_WARN_OBJC_LITERAL_CONVERSION = YES;
				CLANG_WARN_OBJC_ROOT_CLASS = YES_ERROR;
				CLANG_WARN_QUOTED_INCLUDE_IN_FRAMEWORK_HEADER = YES;
				CLANG_WARN_RANGE_LOOP_ANALYSIS = YES;
				CLANG_WARN_STRICT_PROTOTYPES = YES;
				CLANG_WARN_SUSPICIOUS_MOVE = YES;
				CLANG_WARN_UNGUARDED_AVAILABILITY = YES_AGGRESSIVE;
				CLANG_WARN_UNREACHABLE_CODE = YES;
				CLANG_WARN__DUPLICATE_METHOD_MATCH = YES;
				COPY_PHASE_STRIP = NO;
				DEBUG_INFORMATION_FORMAT = dwarf;
				ENABLE_STRICT_OBJC_MSGSEND = YES;
				ENABLE_TESTABILITY = YES;
				GCC_C_LANGUAGE_STANDARD = gnu11;
				GCC_DYNAMIC_NO_PIC = NO;
				GCC_NO_COMMON_BLOCKS = YES;
				GCC_OPTIMIZATION_LEVEL = 0;
				GCC_PREPROCESSOR_DEFINITIONS = (
					"DEBUG=1",
					"$(inherited)",
				);
				GCC_WARN_64_TO_32_BIT_CONVERSION = YES;
				GCC_WARN_ABOUT_RETURN_TYPE = YES_ERROR;
				GCC_WARN_UNDECLARED_SELECTOR = YES;
				GCC_WARN_UNINITIALIZED_AUTOS = YES_AGGRESSIVE;
				GCC_WARN_UNUSED_FUNCTION = YES;
				GCC_WARN_UNUSED_VARIABLE = YES;
				IPHONEOS_DEPLOYMENT_TARGET = 14.5;
				MTL_ENABLE_DEBUG_INFO = INCLUDE_SOURCE;
				MTL_FAST_MATH = YES;
				ONLY_ACTIVE_ARCH = YES;
				SDKROOT = iphoneos;
				SWIFT_ACTIVE_COMPILATION_CONDITIONS = DEBUG;
				SWIFT_OPTIMIZATION_LEVEL = "-Onone";
			};
			name = Debug;
		};
		46F7CD47266FB3A80008B9EC /* Release */ = {
			isa = XCBuildConfiguration;
			buildSettings = {
				ALWAYS_SEARCH_USER_PATHS = NO;
				CLANG_ANALYZER_NONNULL = YES;
				CLANG_ANALYZER_NUMBER_OBJECT_CONVERSION = YES_AGGRESSIVE;
				CLANG_CXX_LANGUAGE_STANDARD = "gnu++14";
				CLANG_CXX_LIBRARY = "libc++";
				CLANG_ENABLE_MODULES = YES;
				CLANG_ENABLE_OBJC_ARC = YES;
				CLANG_ENABLE_OBJC_WEAK = YES;
				CLANG_WARN_BLOCK_CAPTURE_AUTORELEASING = YES;
				CLANG_WARN_BOOL_CONVERSION = YES;
				CLANG_WARN_COMMA = YES;
				CLANG_WARN_CONSTANT_CONVERSION = YES;
				CLANG_WARN_DEPRECATED_OBJC_IMPLEMENTATIONS = YES;
				CLANG_WARN_DIRECT_OBJC_ISA_USAGE = YES_ERROR;
				CLANG_WARN_DOCUMENTATION_COMMENTS = YES;
				CLANG_WARN_EMPTY_BODY = YES;
				CLANG_WARN_ENUM_CONVERSION = YES;
				CLANG_WARN_INFINITE_RECURSION = YES;
				CLANG_WARN_INT_CONVERSION = YES;
				CLANG_WARN_NON_LITERAL_NULL_CONVERSION = YES;
				CLANG_WARN_OBJC_IMPLICIT_RETAIN_SELF = YES;
				CLANG_WARN_OBJC_LITERAL_CONVERSION = YES;
				CLANG_WARN_OBJC_ROOT_CLASS = YES_ERROR;
				CLANG_WARN_QUOTED_INCLUDE_IN_FRAMEWORK_HEADER = YES;
				CLANG_WARN_RANGE_LOOP_ANALYSIS = YES;
				CLANG_WARN_STRICT_PROTOTYPES = YES;
				CLANG_WARN_SUSPICIOUS_MOVE = YES;
				CLANG_WARN_UNGUARDED_AVAILABILITY = YES_AGGRESSIVE;
				CLANG_WARN_UNREACHABLE_CODE = YES;
				CLANG_WARN__DUPLICATE_METHOD_MATCH = YES;
				COPY_PHASE_STRIP = NO;
				DEBUG_INFORMATION_FORMAT = "dwarf-with-dsym";
				ENABLE_NS_ASSERTIONS = NO;
				ENABLE_STRICT_OBJC_MSGSEND = YES;
				GCC_C_LANGUAGE_STANDARD = gnu11;
				GCC_NO_COMMON_BLOCKS = YES;
				GCC_WARN_64_TO_32_BIT_CONVERSION = YES;
				GCC_WARN_ABOUT_RETURN_TYPE = YES_ERROR;
				GCC_WARN_UNDECLARED_SELECTOR = YES;
				GCC_WARN_UNINITIALIZED_AUTOS = YES_AGGRESSIVE;
				GCC_WARN_UNUSED_FUNCTION = YES;
				GCC_WARN_UNUSED_VARIABLE = YES;
				IPHONEOS_DEPLOYMENT_TARGET = 14.5;
				MTL_ENABLE_DEBUG_INFO = NO;
				MTL_FAST_MATH = YES;
				SDKROOT = iphoneos;
				SWIFT_COMPILATION_MODE = wholemodule;
				SWIFT_OPTIMIZATION_LEVEL = "-O";
				VALIDATE_PRODUCT = YES;
			};
			name = Release;
		};
		46F7CD49266FB3A80008B9EC /* Debug */ = {
			isa = XCBuildConfiguration;
			buildSettings = {
				ASSETCATALOG_COMPILER_APPICON_NAME = AppIcon;
				ASSETCATALOG_COMPILER_GLOBAL_ACCENT_COLOR_NAME = AccentColor;
				CODE_SIGN_STYLE = Automatic;
				DEVELOPMENT_ASSET_PATHS = "\"BugHunt/Preview Content\"";
				DEVELOPMENT_TEAM = 49CJ89TL4W;
				ENABLE_PREVIEWS = YES;
				INFOPLIST_FILE = BugHunt/Info.plist;
				IPHONEOS_DEPLOYMENT_TARGET = 14.0;
				LD_RUNPATH_SEARCH_PATHS = (
					"$(inherited)",
					"@executable_path/Frameworks",
				);
				PRODUCT_BUNDLE_IDENTIFIER = com.petesmith.BugHunt;
				PRODUCT_NAME = "$(TARGET_NAME)";
				SWIFT_VERSION = 5.0;
				TARGETED_DEVICE_FAMILY = "1,2";
			};
			name = Debug;
		};
		46F7CD4A266FB3A80008B9EC /* Release */ = {
			isa = XCBuildConfiguration;
			buildSettings = {
				ASSETCATALOG_COMPILER_APPICON_NAME = AppIcon;
				ASSETCATALOG_COMPILER_GLOBAL_ACCENT_COLOR_NAME = AccentColor;
				CODE_SIGN_STYLE = Automatic;
				DEVELOPMENT_ASSET_PATHS = "\"BugHunt/Preview Content\"";
				DEVELOPMENT_TEAM = 49CJ89TL4W;
				ENABLE_PREVIEWS = YES;
				INFOPLIST_FILE = BugHunt/Info.plist;
				IPHONEOS_DEPLOYMENT_TARGET = 14.0;
				LD_RUNPATH_SEARCH_PATHS = (
					"$(inherited)",
					"@executable_path/Frameworks",
				);
				PRODUCT_BUNDLE_IDENTIFIER = com.petesmith.BugHunt;
				PRODUCT_NAME = "$(TARGET_NAME)";
				SWIFT_VERSION = 5.0;
				TARGETED_DEVICE_FAMILY = "1,2";
			};
			name = Release;
		};
		46F7CD4F266FB3A80008B9EC /* Debug */ = {
			isa = XCBuildConfiguration;
			buildSettings = {
				ALWAYS_EMBED_SWIFT_STANDARD_LIBRARIES = YES;
				CODE_SIGN_STYLE = Automatic;
				DEVELOPMENT_TEAM = 49CJ89TL4W;
				INFOPLIST_FILE = BugHuntUITests/Info.plist;
				LD_RUNPATH_SEARCH_PATHS = (
					"$(inherited)",
					"@executable_path/Frameworks",
					"@loader_path/Frameworks",
				);
				PRODUCT_BUNDLE_IDENTIFIER = com.petesmith.BugHuntUITests;
				PRODUCT_NAME = "$(TARGET_NAME)";
				SWIFT_VERSION = 5.0;
				TARGETED_DEVICE_FAMILY = "1,2";
				TEST_TARGET_NAME = BugHunt;
			};
			name = Debug;
		};
		46F7CD50266FB3A80008B9EC /* Release */ = {
			isa = XCBuildConfiguration;
			buildSettings = {
				ALWAYS_EMBED_SWIFT_STANDARD_LIBRARIES = YES;
				CODE_SIGN_STYLE = Automatic;
				DEVELOPMENT_TEAM = 49CJ89TL4W;
				INFOPLIST_FILE = BugHuntUITests/Info.plist;
				LD_RUNPATH_SEARCH_PATHS = (
					"$(inherited)",
					"@executable_path/Frameworks",
					"@loader_path/Frameworks",
				);
				PRODUCT_BUNDLE_IDENTIFIER = com.petesmith.BugHuntUITests;
				PRODUCT_NAME = "$(TARGET_NAME)";
				SWIFT_VERSION = 5.0;
				TARGETED_DEVICE_FAMILY = "1,2";
				TEST_TARGET_NAME = BugHunt;
			};
			name = Release;
		};
/* End XCBuildConfiguration section */

/* Begin XCConfigurationList section */
		46F7CD1E266FB3A70008B9EC /* Build configuration list for PBXProject "BugHunt" */ = {
			isa = XCConfigurationList;
			buildConfigurations = (
				46F7CD46266FB3A80008B9EC /* Debug */,
				46F7CD47266FB3A80008B9EC /* Release */,
			);
			defaultConfigurationIsVisible = 0;
			defaultConfigurationName = Release;
		};
		46F7CD48266FB3A80008B9EC /* Build configuration list for PBXNativeTarget "BugHunt" */ = {
			isa = XCConfigurationList;
			buildConfigurations = (
				46F7CD49266FB3A80008B9EC /* Debug */,
				46F7CD4A266FB3A80008B9EC /* Release */,
			);
			defaultConfigurationIsVisible = 0;
			defaultConfigurationName = Release;
		};
		46F7CD4E266FB3A80008B9EC /* Build configuration list for PBXNativeTarget "BugHuntUITests" */ = {
			isa = XCConfigurationList;
			buildConfigurations = (
				46F7CD4F266FB3A80008B9EC /* Debug */,
				46F7CD50266FB3A80008B9EC /* Release */,
			);
			defaultConfigurationIsVisible = 0;
			defaultConfigurationName = Release;
		};
/* End XCConfigurationList section */
	};
	rootObject = 46F7CD1B266FB3A70008B9EC /* Project object */;
}
